{
    "requires": true,
    "lockfileVersion": 1,
    "dependencies": {
        "ajv": {
            "version": "6.10.2",
            "resolved": "https://registry.npmjs.org/ajv/-/ajv-6.10.2.tgz",
            "integrity": "sha512-TXtUUEYHuaTEbLZWIKUr5pmBuhDLy+8KYtPYdcV8qC+pOZL+NKqYwvWSRrVXHn+ZmRRAu8vJTAznH7Oag6RVRw==",
            "dev": true,
            "requires": {
                "fast-deep-equal": "^2.0.1",
                "fast-json-stable-stringify": "^2.0.0",
                "json-schema-traverse": "^0.4.1",
                "uri-js": "^4.2.2"
            }
        },
        "ajv-keywords": {
            "version": "3.4.1",
            "resolved": "https://registry.npmjs.org/ajv-keywords/-/ajv-keywords-3.4.1.tgz",
            "integrity": "sha512-RO1ibKvd27e6FEShVFfPALuHI3WjSVNeK5FIsmme/LYRNxjKuNj+Dt7bucLa6NdSv3JcVTyMlm9kGR84z1XpaQ==",
            "dev": true
        },
        "arrify": {
            "version": "2.0.1",
            "resolved": "https://registry.npmjs.org/arrify/-/arrify-2.0.1.tgz",
            "integrity": "sha512-3duEwti880xqi4eAMN8AyR4a0ByT90zoYdLlevfrvU43vb0YZwZVfxOgxWrLXXXpyugL0hNZc9G6BiB5B3nUug==",
            "dev": true
        },
        "braces": {
            "version": "3.0.2",
            "resolved": "https://registry.npmjs.org/braces/-/braces-3.0.2.tgz",
            "integrity": "sha512-b8um+L1RzM3WDSzvhm6gIz1yfTbBt6YTlcEKAvsmqCZZFw46z626lVj9j1yEPW33H5H+lBQpZMP1k8l+78Ha0A==",
            "dev": true,
            "requires": {
                "fill-range": "^7.0.1"
            }
        },
        "cssesc": {
            "version": "3.0.0",
            "resolved": "https://registry.npmjs.org/cssesc/-/cssesc-3.0.0.tgz",
            "integrity": "sha512-/Tb/JcjK111nNScGob5MNtsntNM1aCNUDipB/TkwZFhyDrrE47SOx/18wF2bbjgc3ZzCSKW1T5nt5EbFoAz/Vg=="
        },
        "fast-deep-equal": {
            "version": "2.0.1",
            "resolved": "https://registry.npmjs.org/fast-deep-equal/-/fast-deep-equal-2.0.1.tgz",
            "integrity": "sha1-ewUhjd+WZ79/Nwv3/bLLFf3Qqkk=",
            "dev": true
        },
        "fast-json-stable-stringify": {
            "version": "2.1.0",
            "resolved": "https://registry.npmjs.org/fast-json-stable-stringify/-/fast-json-stable-stringify-2.1.0.tgz",
            "integrity": "sha512-lhd/wF+Lk98HZoTCtlVraHtfh5XYijIjalXck7saUtuanSDyLMxnHhSXEDJqHxD7msR8D0uCmqlkwjCV8xvwHw==",
            "dev": true
        },
        "fill-range": {
            "version": "7.0.1",
            "resolved": "https://registry.npmjs.org/fill-range/-/fill-range-7.0.1.tgz",
            "integrity": "sha512-qOo9F+dMUmC2Lcb4BbVvnKJxTPjCm+RRpe4gDuGrzkL7mEVl/djYSu2OdQ2Pa302N4oqkSg9ir6jaLWJ2USVpQ==",
            "dev": true,
            "requires": {
                "to-regex-range": "^5.0.1"
            }
        },
        "indexes-of": {
            "version": "1.0.1",
            "resolved": "https://registry.npmjs.org/indexes-of/-/indexes-of-1.0.1.tgz",
            "integrity": "sha1-8w9xbI4r00bHtn0985FVZqfAVgc="
        },
        "is-number": {
            "version": "7.0.0",
            "resolved": "https://registry.npmjs.org/is-number/-/is-number-7.0.0.tgz",
            "integrity": "sha512-41Cifkg6e8TylSpdtTpeLVMqvSBEVzTttHvERD741+pnZ8ANv0004MRL43QKPDlK9cGvNp6NZWZUBlbGXYxxng==",
            "dev": true
        },
        "json-schema-traverse": {
            "version": "0.4.1",
            "resolved": "https://registry.npmjs.org/json-schema-traverse/-/json-schema-traverse-0.4.1.tgz",
            "integrity": "sha512-xbbCH5dCYU5T8LcEhhuh7HJ88HXuW3qsI3Y0zOZFKfZEHcpWiHU/Jxzk629Brsab/mMiHQti9wMP+845RPe3Vg==",
            "dev": true
        },
        "lodash.isboolean": {
            "version": "3.0.3",
            "resolved": "https://registry.npmjs.org/lodash.isboolean/-/lodash.isboolean-3.0.3.tgz",
            "integrity": "sha1-bC4XHbKiV82WgC/UOwGyDV9YcPY="
        },
        "lodash.isregexp": {
            "version": "4.0.1",
            "resolved": "https://registry.npmjs.org/lodash.isregexp/-/lodash.isregexp-4.0.1.tgz",
            "integrity": "sha1-4T5kezDNVZdSoEzZEghvr32hwws="
        },
        "lodash.isstring": {
            "version": "4.0.1",
            "resolved": "https://registry.npmjs.org/lodash.isstring/-/lodash.isstring-4.0.1.tgz",
            "integrity": "sha1-1SfftUVuynzJu5XV2ur4i6VKVFE="
        },
        "micromatch": {
            "version": "4.0.2",
            "resolved": "https://registry.npmjs.org/micromatch/-/micromatch-4.0.2.tgz",
            "integrity": "sha512-y7FpHSbMUMoyPbYUSzO6PaZ6FyRnQOpHuKwbo1G+Knck95XVU4QAiKdGEnj5wwoS7PlOgthX/09u5iFJ+aYf5Q==",
            "dev": true,
            "requires": {
                "braces": "^3.0.1",
                "picomatch": "^2.0.5"
            }
        },
        "picomatch": {
            "version": "2.1.1",
            "resolved": "https://registry.npmjs.org/picomatch/-/picomatch-2.1.1.tgz",
            "integrity": "sha512-OYMyqkKzK7blWO/+XZYP6w8hH0LDvkBvdvKukti+7kqYFCiEAk+gI3DWnryapc0Dau05ugGTy0foQ6mqn4AHYA==",
            "dev": true
        },
        "postcss-media-query-parser": {
            "version": "0.2.3",
            "resolved": "https://registry.npmjs.org/postcss-media-query-parser/-/postcss-media-query-parser-0.2.3.tgz",
            "integrity": "sha1-J7Ocb02U+Bsac7j3Y1HGCeXO8kQ="
        },
        "postcss-resolve-nested-selector": {
            "version": "0.1.1",
            "resolved": "https://registry.npmjs.org/postcss-resolve-nested-selector/-/postcss-resolve-nested-selector-0.1.1.tgz",
            "integrity": "sha1-Kcy8fDfe36wwTp//C/FZaz9qDk4="
        },
        "postcss-selector-parser": {
            "version": "6.0.2",
            "resolved": "https://registry.npmjs.org/postcss-selector-parser/-/postcss-selector-parser-6.0.2.tgz",
            "integrity": "sha512-36P2QR59jDTOAiIkqEprfJDsoNrvwFei3eCqKd1Y0tUsBimsq39BLp7RD+JWny3WgB1zGhJX8XVePwm9k4wdBg==",
            "requires": {
                "cssesc": "^3.0.0",
                "indexes-of": "^1.0.1",
                "uniq": "^1.0.1"
            }
        },
        "postcss-value-parser": {
            "version": "4.0.2",
            "resolved": "https://registry.npmjs.org/postcss-value-parser/-/postcss-value-parser-4.0.2.tgz",
            "integrity": "sha512-LmeoohTpp/K4UiyQCwuGWlONxXamGzCMtFxLq4W1nZVGIQLYvMCJx3yAF9qyyuFpflABI9yVdtJAqbihOsCsJQ=="
        },
        "punycode": {
            "version": "2.1.1",
            "resolved": "https://registry.npmjs.org/punycode/-/punycode-2.1.1.tgz",
            "integrity": "sha512-XRsRjdf+j5ml+y/6GKHPZbrF/8p2Yga0JPtdqTIY2Xe5ohJPD9saDJJLPvp9+NSBprVvevdXZybnj2cv8OEd0A==",
            "dev": true
        },
        "schema-utils": {
            "version": "2.6.1",
            "resolved": "https://registry.npmjs.org/schema-utils/-/schema-utils-2.6.1.tgz",
            "integrity": "sha512-0WXHDs1VDJyo+Zqs9TKLKyD/h7yDpHUhEFsM2CzkICFdoX1av+GBq/J2xRTFfsQO5kBfhZzANf2VcIm84jqDbg==",
            "dev": true,
            "requires": {
                "ajv": "^6.10.2",
                "ajv-keywords": "^3.4.1"
            }
        },
        "stylelint-scss": {
            "version": "3.13.0",
            "resolved": "https://registry.npmjs.org/stylelint-scss/-/stylelint-scss-3.13.0.tgz",
            "integrity": "sha512-SaLnvQyndaPcsgVJsMh6zJ1uKVzkRZJx+Wg/stzoB1mTBdEmGketbHrGbMQNymzH/0mJ06zDSpeCDvNxqIJE5A==",
            "requires": {
                "lodash.isboolean": "^3.0.3",
                "lodash.isregexp": "^4.0.1",
                "lodash.isstring": "^4.0.1",
                "postcss-media-query-parser": "^0.2.3",
                "postcss-resolve-nested-selector": "^0.1.1",
                "postcss-selector-parser": "^6.0.2",
                "postcss-value-parser": "^4.0.2"
            }
        },
        "stylelint-webpack-plugin": {
            "version": "1.1.2",
            "resolved": "https://registry.npmjs.org/stylelint-webpack-plugin/-/stylelint-webpack-plugin-1.1.2.tgz",
            "integrity": "sha512-PvxFM8z614xNZW+opA733X8NkROCkH1ZkZZ7EBWwm7J+7Rwk/bIHiAqUqlM4VueXECPsCjrzxqDZnCE+EOYZxQ==",
            "dev": true,
            "requires": {
                "arrify": "^2.0.1",
                "micromatch": "^4.0.2",
                "schema-utils": "^2.6.1"
            }
        },
        "to-regex-range": {
            "version": "5.0.1",
            "resolved": "https://registry.npmjs.org/to-regex-range/-/to-regex-range-5.0.1.tgz",
            "integrity": "sha512-65P7iz6X5yEr1cwcgvQxbbIw7Uk3gOy5dIdtZ4rDveLqhrdJP+Li/Hx6tyK0NEb+2GCyneCMJiGqrADCSNk8sQ==",
            "dev": true,
            "requires": {
                "is-number": "^7.0.0"
            }
        },
        "uniq": {
            "version": "1.0.1",
            "resolved": "https://registry.npmjs.org/uniq/-/uniq-1.0.1.tgz",
            "integrity": "sha1-sxxa6CVIRKOoKBVBzisEuGWnNP8="
        },
        "uri-js": {
            "version": "4.2.2",
            "resolved": "https://registry.npmjs.org/uri-js/-/uri-js-4.2.2.tgz",
            "integrity": "sha512-KY9Frmirql91X2Qgjry0Wd4Y+YTdrdZheS8TFwvkbLWf/G5KNJDCh6pKL5OZctEW4+0Baa5idK2ZQuELRwPznQ==",
            "dev": true,
            "requires": {
                "punycode": "^2.1.0"
            }
        }
    }
}
